
Microsoft Visual Studio Solution File, Format Version 12.00
# Visual Studio 15
VisualStudioVersion = 15.0.28010.2046
MinimumVisualStudioVersion = 10.0.40219.1
Project("{FAE04EC0-301F-11D3-BF4B-00C04F79EFBC}") = "CompanionApp.Android", "CA\CompanionApp.Android\CompanionApp.Android.csproj", "{B2BE22CC-4946-4ED3-B143-BF584C8ED703}"
EndProject
Project("{FAE04EC0-301F-11D3-BF4B-00C04F79EFBC}") = "CompanionApp.iOS", "CA\CompanionApp.iOS\CompanionApp.iOS.csproj", "{AA5F54F3-A71D-414A-B55C-7B5026724D74}"
EndProject
Project("{FAE04EC0-301F-11D3-BF4B-00C04F79EFBC}") = "CompanionApp.UWP", "CA\CompanionApp.UWP\CompanionApp.UWP.csproj", "{7EDA8427-D685-4748-AD33-6C32EF5348FA}"
EndProject
Project("{9A19103F-16F7-4668-BE54-9A1E7A4F7556}") = "CompanionApp", "CA\CompanionApp\CompanionApp.csproj", "{67E1B2CC-6496-4207-BFBA-39C57C3A90EE}"
EndProject
Project("{2150E333-8FDC-42A3-9474-1A3956D46DE8}") = "Solution Items", "Solution Items", "{F7C858F0-11EB-4AAD-8674-8494CD3CD2F1}"
	ProjectSection(SolutionItems) = preProject
		NOTICE.md = NOTICE.md
		README.md = README.md
	EndProjectSection
EndProject
Global
	GlobalSection(SolutionConfigurationPlatforms) = preSolution
		Ad-Hoc|Any CPU = Ad-Hoc|Any CPU
		Ad-Hoc|ARM = Ad-Hoc|ARM
		Ad-Hoc|iPhone = Ad-Hoc|iPhone
		Ad-Hoc|iPhoneSimulator = Ad-Hoc|iPhoneSimulator
		Ad-Hoc|x64 = Ad-Hoc|x64
		Ad-Hoc|x86 = Ad-Hoc|x86
		AppStore|Any CPU = AppStore|Any CPU
		AppStore|ARM = AppStore|ARM
		AppStore|iPhone = AppStore|iPhone
		AppStore|iPhoneSimulator = AppStore|iPhoneSimulator
		AppStore|x64 = AppStore|x64
		AppStore|x86 = AppStore|x86
		Debug|Any CPU = Debug|Any CPU
		Debug|ARM = Debug|ARM
		Debug|iPhone = Debug|iPhone
		Debug|iPhoneSimulator = Debug|iPhoneSimulator
		Debug|x64 = Debug|x64
		Debug|x86 = Debug|x86
		Release|Any CPU = Release|Any CPU
		Release|ARM = Release|ARM
		Release|iPhone = Release|iPhone
		Release|iPhoneSimulator = Release|iPhoneSimulator
		Release|x64 = Release|x64
		Release|x86 = Release|x86
	EndGlobalSection
	GlobalSection(ProjectConfigurationPlatforms) = postSolution
		{B2BE22CC-4946-4ED3-B143-BF584C8ED703}.Ad-Hoc|Any CPU.ActiveCfg = Release|Any CPU
		{B2BE22CC-4946-4ED3-B143-BF584C8ED703}.Ad-Hoc|Any CPU.Build.0 = Release|Any CPU
		{B2BE22CC-4946-4ED3-B143-BF584C8ED703}.Ad-Hoc|Any CPU.Deploy.0 = Release|Any CPU
		{B2BE22CC-4946-4ED3-B143-BF584C8ED703}.Ad-Hoc|ARM.ActiveCfg = Release|Any CPU
		{B2BE22CC-4946-4ED3-B143-BF584C8ED703}.Ad-Hoc|ARM.Build.0 = Release|Any CPU
		{B2BE22CC-4946-4ED3-B143-BF584C8ED703}.Ad-Hoc|ARM.Deploy.0 = Release|Any CPU
		{B2BE22CC-4946-4ED3-B143-BF584C8ED703}.Ad-Hoc|iPhone.ActiveCfg = Release|Any CPU
		{B2BE22CC-4946-4ED3-B143-BF584C8ED703}.Ad-Hoc|iPhone.Build.0 = Release|Any CPU
		{B2BE22CC-4946-4ED3-B143-BF584C8ED703}.Ad-Hoc|iPhone.Deploy.0 = Release|Any CPU
		{B2BE22CC-4946-4ED3-B143-BF584C8ED703}.Ad-Hoc|iPhoneSimulator.ActiveCfg = Release|Any CPU
		{B2BE22CC-4946-4ED3-B143-BF584C8ED703}.Ad-Hoc|iPhoneSimulator.Build.0 = Release|Any CPU
		{B2BE22CC-4946-4ED3-B143-BF584C8ED703}.Ad-Hoc|iPhoneSimulator.Deploy.0 = Release|Any CPU
		{B2BE22CC-4946-4ED3-B143-BF584C8ED703}.Ad-Hoc|x64.ActiveCfg = Release|Any CPU
		{B2BE22CC-4946-4ED3-B143-BF584C8ED703}.Ad-Hoc|x64.Build.0 = Release|Any CPU
		{B2BE22CC-4946-4ED3-B143-BF584C8ED703}.Ad-Hoc|x64.Deploy.0 = Release|Any CPU
		{B2BE22CC-4946-4ED3-B143-BF584C8ED703}.Ad-Hoc|x86.ActiveCfg = Release|Any CPU
		{B2BE22CC-4946-4ED3-B143-BF584C8ED703}.Ad-Hoc|x86.Build.0 = Release|Any CPU
		{B2BE22CC-4946-4ED3-B143-BF584C8ED703}.Ad-Hoc|x86.Deploy.0 = Release|Any CPU
		{B2BE22CC-4946-4ED3-B143-BF584C8ED703}.AppStore|Any CPU.ActiveCfg = Release|Any CPU
		{B2BE22CC-4946-4ED3-B143-BF584C8ED703}.AppStore|Any CPU.Build.0 = Release|Any CPU
		{B2BE22CC-4946-4ED3-B143-BF584C8ED703}.AppStore|Any CPU.Deploy.0 = Release|Any CPU
		{B2BE22CC-4946-4ED3-B143-BF584C8ED703}.AppStore|ARM.ActiveCfg = Release|Any CPU
		{B2BE22CC-4946-4ED3-B143-BF584C8ED703}.AppStore|ARM.Build.0 = Release|Any CPU
		{B2BE22CC-4946-4ED3-B143-BF584C8ED703}.AppStore|ARM.Deploy.0 = Release|Any CPU
		{B2BE22CC-4946-4ED3-B143-BF584C8ED703}.AppStore|iPhone.ActiveCfg = Release|Any CPU
		{B2BE22CC-4946-4ED3-B143-BF584C8ED703}.AppStore|iPhone.Build.0 = Release|Any CPU
		{B2BE22CC-4946-4ED3-B143-BF584C8ED703}.AppStore|iPhone.Deploy.0 = Release|Any CPU
		{B2BE22CC-4946-4ED3-B143-BF584C8ED703}.AppStore|iPhoneSimulator.ActiveCfg = Release|Any CPU
		{B2BE22CC-4946-4ED3-B143-BF584C8ED703}.AppStore|iPhoneSimulator.Build.0 = Release|Any CPU
		{B2BE22CC-4946-4ED3-B143-BF584C8ED703}.AppStore|iPhoneSimulator.Deploy.0 = Release|Any CPU
		{B2BE22CC-4946-4ED3-B143-BF584C8ED703}.AppStore|x64.ActiveCfg = Release|Any CPU
		{B2BE22CC-4946-4ED3-B143-BF584C8ED703}.AppStore|x64.Build.0 = Release|Any CPU
		{B2BE22CC-4946-4ED3-B143-BF584C8ED703}.AppStore|x64.Deploy.0 = Release|Any CPU
		{B2BE22CC-4946-4ED3-B143-BF584C8ED703}.AppStore|x86.ActiveCfg = Release|Any CPU
		{B2BE22CC-4946-4ED3-B143-BF584C8ED703}.AppStore|x86.Build.0 = Release|Any CPU
		{B2BE22CC-4946-4ED3-B143-BF584C8ED703}.AppStore|x86.Deploy.0 = Release|Any CPU
		{B2BE22CC-4946-4ED3-B143-BF584C8ED703}.Debug|Any CPU.ActiveCfg = Debug|Any CPU
		{B2BE22CC-4946-4ED3-B143-BF584C8ED703}.Debug|Any CPU.Build.0 = Debug|Any CPU
		{B2BE22CC-4946-4ED3-B143-BF584C8ED703}.Debug|Any CPU.Deploy.0 = Debug|Any CPU
		{B2BE22CC-4946-4ED3-B143-BF584C8ED703}.Debug|ARM.ActiveCfg = Debug|Any CPU
		{B2BE22CC-4946-4ED3-B143-BF584C8ED703}.Debug|ARM.Build.0 = Debug|Any CPU
		{B2BE22CC-4946-4ED3-B143-BF584C8ED703}.Debug|ARM.Deploy.0 = Debug|Any CPU
		{B2BE22CC-4946-4ED3-B143-BF584C8ED703}.Debug|iPhone.ActiveCfg = Debug|Any CPU
		{B2BE22CC-4946-4ED3-B143-BF584C8ED703}.Debug|iPhone.Build.0 = Debug|Any CPU
		{B2BE22CC-4946-4ED3-B143-BF584C8ED703}.Debug|iPhone.Deploy.0 = Debug|Any CPU
		{B2BE22CC-4946-4ED3-B143-BF584C8ED703}.Debug|iPhoneSimulator.ActiveCfg = Debug|Any CPU
		{B2BE22CC-4946-4ED3-B143-BF584C8ED703}.Debug|iPhoneSimulator.Build.0 = Debug|Any CPU
		{B2BE22CC-4946-4ED3-B143-BF584C8ED703}.Debug|iPhoneSimulator.Deploy.0 = Debug|Any CPU
		{B2BE22CC-4946-4ED3-B143-BF584C8ED703}.Debug|x64.ActiveCfg = Debug|Any CPU
		{B2BE22CC-4946-4ED3-B143-BF584C8ED703}.Debug|x64.Build.0 = Debug|Any CPU
		{B2BE22CC-4946-4ED3-B143-BF584C8ED703}.Debug|x64.Deploy.0 = Debug|Any CPU
		{B2BE22CC-4946-4ED3-B143-BF584C8ED703}.Debug|x86.ActiveCfg = Debug|Any CPU
		{B2BE22CC-4946-4ED3-B143-BF584C8ED703}.Debug|x86.Build.0 = Debug|Any CPU
		{B2BE22CC-4946-4ED3-B143-BF584C8ED703}.Debug|x86.Deploy.0 = Debug|Any CPU
		{B2BE22CC-4946-4ED3-B143-BF584C8ED703}.Release|Any CPU.ActiveCfg = Release|Any CPU
		{B2BE22CC-4946-4ED3-B143-BF584C8ED703}.Release|Any CPU.Build.0 = Release|Any CPU
		{B2BE22CC-4946-4ED3-B143-BF584C8ED703}.Release|Any CPU.Deploy.0 = Release|Any CPU
		{B2BE22CC-4946-4ED3-B143-BF584C8ED703}.Release|ARM.ActiveCfg = Release|Any CPU
		{B2BE22CC-4946-4ED3-B143-BF584C8ED703}.Release|ARM.Build.0 = Release|Any CPU
		{B2BE22CC-4946-4ED3-B143-BF584C8ED703}.Release|ARM.Deploy.0 = Release|Any CPU
		{B2BE22CC-4946-4ED3-B143-BF584C8ED703}.Release|iPhone.ActiveCfg = Release|Any CPU
		{B2BE22CC-4946-4ED3-B143-BF584C8ED703}.Release|iPhone.Build.0 = Release|Any CPU
		{B2BE22CC-4946-4ED3-B143-BF584C8ED703}.Release|iPhone.Deploy.0 = Release|Any CPU
		{B2BE22CC-4946-4ED3-B143-BF584C8ED703}.Release|iPhoneSimulator.ActiveCfg = Release|Any CPU
		{B2BE22CC-4946-4ED3-B143-BF584C8ED703}.Release|iPhoneSimulator.Build.0 = Release|Any CPU
		{B2BE22CC-4946-4ED3-B143-BF584C8ED703}.Release|iPhoneSimulator.Deploy.0 = Release|Any CPU
		{B2BE22CC-4946-4ED3-B143-BF584C8ED703}.Release|x64.ActiveCfg = Release|Any CPU
		{B2BE22CC-4946-4ED3-B143-BF584C8ED703}.Release|x64.Build.0 = Release|Any CPU
		{B2BE22CC-4946-4ED3-B143-BF584C8ED703}.Release|x64.Deploy.0 = Release|Any CPU
		{B2BE22CC-4946-4ED3-B143-BF584C8ED703}.Release|x86.ActiveCfg = Release|Any CPU
		{B2BE22CC-4946-4ED3-B143-BF584C8ED703}.Release|x86.Build.0 = Release|Any CPU
		{B2BE22CC-4946-4ED3-B143-BF584C8ED703}.Release|x86.Deploy.0 = Release|Any CPU
		{AA5F54F3-A71D-414A-B55C-7B5026724D74}.Ad-Hoc|Any CPU.ActiveCfg = Ad-Hoc|iPhone
		{AA5F54F3-A71D-414A-B55C-7B5026724D74}.Ad-Hoc|Any CPU.Build.0 = Ad-Hoc|iPhone
		{AA5F54F3-A71D-414A-B55C-7B5026724D74}.Ad-Hoc|Any CPU.Deploy.0 = Ad-Hoc|iPhone
		{AA5F54F3-A71D-414A-B55C-7B5026724D74}.Ad-Hoc|ARM.ActiveCfg = Ad-Hoc|iPhone
		{AA5F54F3-A71D-414A-B55C-7B5026724D74}.Ad-Hoc|ARM.Build.0 = Ad-Hoc|iPhone
		{AA5F54F3-A71D-414A-B55C-7B5026724D74}.Ad-Hoc|ARM.Deploy.0 = Ad-Hoc|iPhone
		{AA5F54F3-A71D-414A-B55C-7B5026724D74}.Ad-Hoc|iPhone.ActiveCfg = Ad-Hoc|iPhone
		{AA5F54F3-A71D-414A-B55C-7B5026724D74}.Ad-Hoc|iPhone.Build.0 = Ad-Hoc|iPhone
		{AA5F54F3-A71D-414A-B55C-7B5026724D74}.Ad-Hoc|iPhone.Deploy.0 = Ad-Hoc|iPhone
		{AA5F54F3-A71D-414A-B55C-7B5026724D74}.Ad-Hoc|iPhoneSimulator.ActiveCfg = Ad-Hoc|iPhoneSimulator
		{AA5F54F3-A71D-414A-B55C-7B5026724D74}.Ad-Hoc|iPhoneSimulator.Build.0 = Ad-Hoc|iPhoneSimulator
		{AA5F54F3-A71D-414A-B55C-7B5026724D74}.Ad-Hoc|iPhoneSimulator.Deploy.0 = Ad-Hoc|iPhoneSimulator
		{AA5F54F3-A71D-414A-B55C-7B5026724D74}.Ad-Hoc|x64.ActiveCfg = Ad-Hoc|iPhone
		{AA5F54F3-A71D-414A-B55C-7B5026724D74}.Ad-Hoc|x64.Build.0 = Ad-Hoc|iPhone
		{AA5F54F3-A71D-414A-B55C-7B5026724D74}.Ad-Hoc|x64.Deploy.0 = Ad-Hoc|iPhone
		{AA5F54F3-A71D-414A-B55C-7B5026724D74}.Ad-Hoc|x86.ActiveCfg = Ad-Hoc|iPhone
		{AA5F54F3-A71D-414A-B55C-7B5026724D74}.Ad-Hoc|x86.Build.0 = Ad-Hoc|iPhone
		{AA5F54F3-A71D-414A-B55C-7B5026724D74}.Ad-Hoc|x86.Deploy.0 = Ad-Hoc|iPhone
		{AA5F54F3-A71D-414A-B55C-7B5026724D74}.AppStore|Any CPU.ActiveCfg = AppStore|iPhone
		{AA5F54F3-A71D-414A-B55C-7B5026724D74}.AppStore|Any CPU.Build.0 = AppStore|iPhone
		{AA5F54F3-A71D-414A-B55C-7B5026724D74}.AppStore|Any CPU.Deploy.0 = AppStore|iPhone
		{AA5F54F3-A71D-414A-B55C-7B5026724D74}.AppStore|ARM.ActiveCfg = AppStore|iPhone
		{AA5F54F3-A71D-414A-B55C-7B5026724D74}.AppStore|ARM.Build.0 = AppStore|iPhone
		{AA5F54F3-A71D-414A-B55C-7B5026724D74}.AppStore|ARM.Deploy.0 = AppStore|iPhone
		{AA5F54F3-A71D-414A-B55C-7B5026724D74}.AppStore|iPhone.ActiveCfg = AppStore|iPhone
		{AA5F54F3-A71D-414A-B55C-7B5026724D74}.AppStore|iPhone.Build.0 = AppStore|iPhone
		{AA5F54F3-A71D-414A-B55C-7B5026724D74}.AppStore|iPhone.Deploy.0 = AppStore|iPhone
		{AA5F54F3-A71D-414A-B55C-7B5026724D74}.AppStore|iPhoneSimulator.ActiveCfg = AppStore|iPhoneSimulator
		{AA5F54F3-A71D-414A-B55C-7B5026724D74}.AppStore|iPhoneSimulator.Build.0 = AppStore|iPhoneSimulator
		{AA5F54F3-A71D-414A-B55C-7B5026724D74}.AppStore|iPhoneSimulator.Deploy.0 = AppStore|iPhoneSimulator
		{AA5F54F3-A71D-414A-B55C-7B5026724D74}.AppStore|x64.ActiveCfg = AppStore|iPhone
		{AA5F54F3-A71D-414A-B55C-7B5026724D74}.AppStore|x64.Build.0 = AppStore|iPhone
		{AA5F54F3-A71D-414A-B55C-7B5026724D74}.AppStore|x64.Deploy.0 = AppStore|iPhone
		{AA5F54F3-A71D-414A-B55C-7B5026724D74}.AppStore|x86.ActiveCfg = AppStore|iPhone
		{AA5F54F3-A71D-414A-B55C-7B5026724D74}.AppStore|x86.Build.0 = AppStore|iPhone
		{AA5F54F3-A71D-414A-B55C-7B5026724D74}.AppStore|x86.Deploy.0 = AppStore|iPhone
		{AA5F54F3-A71D-414A-B55C-7B5026724D74}.Debug|Any CPU.ActiveCfg = Debug|iPhoneSimulator
		{AA5F54F3-A71D-414A-B55C-7B5026724D74}.Debug|Any CPU.Build.0 = Debug|iPhoneSimulator
		{AA5F54F3-A71D-414A-B55C-7B5026724D74}.Debug|Any CPU.Deploy.0 = Debug|iPhoneSimulator
		{AA5F54F3-A71D-414A-B55C-7B5026724D74}.Debug|ARM.ActiveCfg = Debug|iPhone
		{AA5F54F3-A71D-414A-B55C-7B5026724D74}.Debug|ARM.Build.0 = Debug|iPhone
		{AA5F54F3-A71D-414A-B55C-7B5026724D74}.Debug|ARM.Deploy.0 = Debug|iPhone
		{AA5F54F3-A71D-414A-B55C-7B5026724D74}.Debug|iPhone.ActiveCfg = Debug|iPhone
		{AA5F54F3-A71D-414A-B55C-7B5026724D74}.Debug|iPhone.Build.0 = Debug|iPhone
		{AA5F54F3-A71D-414A-B55C-7B5026724D74}.Debug|iPhone.Deploy.0 = Debug|iPhone
		{AA5F54F3-A71D-414A-B55C-7B5026724D74}.Debug|iPhoneSimulator.ActiveCfg = Debug|iPhoneSimulator
		{AA5F54F3-A71D-414A-B55C-7B5026724D74}.Debug|iPhoneSimulator.Build.0 = Debug|iPhoneSimulator
		{AA5F54F3-A71D-414A-B55C-7B5026724D74}.Debug|iPhoneSimulator.Deploy.0 = Debug|iPhoneSimulator
		{AA5F54F3-A71D-414A-B55C-7B5026724D74}.Debug|x64.ActiveCfg = Debug|iPhone
		{AA5F54F3-A71D-414A-B55C-7B5026724D74}.Debug|x64.Build.0 = Debug|iPhone
		{AA5F54F3-A71D-414A-B55C-7B5026724D74}.Debug|x64.Deploy.0 = Debug|iPhone
		{AA5F54F3-A71D-414A-B55C-7B5026724D74}.Debug|x86.ActiveCfg = Debug|iPhone
		{AA5F54F3-A71D-414A-B55C-7B5026724D74}.Debug|x86.Build.0 = Debug|iPhone
		{AA5F54F3-A71D-414A-B55C-7B5026724D74}.Debug|x86.Deploy.0 = Debug|iPhone
		{AA5F54F3-A71D-414A-B55C-7B5026724D74}.Release|Any CPU.ActiveCfg = Release|iPhone
		{AA5F54F3-A71D-414A-B55C-7B5026724D74}.Release|Any CPU.Build.0 = Release|iPhone
		{AA5F54F3-A71D-414A-B55C-7B5026724D74}.Release|Any CPU.Deploy.0 = Release|iPhone
		{AA5F54F3-A71D-414A-B55C-7B5026724D74}.Release|ARM.ActiveCfg = Release|iPhone
		{AA5F54F3-A71D-414A-B55C-7B5026724D74}.Release|ARM.Build.0 = Release|iPhone
		{AA5F54F3-A71D-414A-B55C-7B5026724D74}.Release|ARM.Deploy.0 = Release|iPhone
		{AA5F54F3-A71D-414A-B55C-7B5026724D74}.Release|iPhone.ActiveCfg = Release|iPhone
		{AA5F54F3-A71D-414A-B55C-7B5026724D74}.Release|iPhone.Build.0 = Release|iPhone
		{AA5F54F3-A71D-414A-B55C-7B5026724D74}.Release|iPhone.Deploy.0 = Release|iPhone
		{AA5F54F3-A71D-414A-B55C-7B5026724D74}.Release|iPhoneSimulator.ActiveCfg = Release|iPhone
		{AA5F54F3-A71D-414A-B55C-7B5026724D74}.Release|iPhoneSimulator.Build.0 = Release|iPhone
		{AA5F54F3-A71D-414A-B55C-7B5026724D74}.Release|iPhoneSimulator.Deploy.0 = Release|iPhone
		{AA5F54F3-A71D-414A-B55C-7B5026724D74}.Release|x64.ActiveCfg = Release|iPhone
		{AA5F54F3-A71D-414A-B55C-7B5026724D74}.Release|x64.Build.0 = Release|iPhone
		{AA5F54F3-A71D-414A-B55C-7B5026724D74}.Release|x64.Deploy.0 = Release|iPhone
		{AA5F54F3-A71D-414A-B55C-7B5026724D74}.Release|x86.ActiveCfg = Release|iPhone
		{AA5F54F3-A71D-414A-B55C-7B5026724D74}.Release|x86.Build.0 = Release|iPhone
		{AA5F54F3-A71D-414A-B55C-7B5026724D74}.Release|x86.Deploy.0 = Release|iPhone
		{7EDA8427-D685-4748-AD33-6C32EF5348FA}.Ad-Hoc|Any CPU.ActiveCfg = Release|x86
		{7EDA8427-D685-4748-AD33-6C32EF5348FA}.Ad-Hoc|Any CPU.Build.0 = Release|x86
		{7EDA8427-D685-4748-AD33-6C32EF5348FA}.Ad-Hoc|Any CPU.Deploy.0 = Release|x86
		{7EDA8427-D685-4748-AD33-6C32EF5348FA}.Ad-Hoc|ARM.ActiveCfg = Release|ARM
		{7EDA8427-D685-4748-AD33-6C32EF5348FA}.Ad-Hoc|ARM.Build.0 = Release|ARM
		{7EDA8427-D685-4748-AD33-6C32EF5348FA}.Ad-Hoc|ARM.Deploy.0 = Release|ARM
		{7EDA8427-D685-4748-AD33-6C32EF5348FA}.Ad-Hoc|iPhone.ActiveCfg = Release|x86
		{7EDA8427-D685-4748-AD33-6C32EF5348FA}.Ad-Hoc|iPhone.Build.0 = Release|x86
		{7EDA8427-D685-4748-AD33-6C32EF5348FA}.Ad-Hoc|iPhone.Deploy.0 = Release|x86
		{7EDA8427-D685-4748-AD33-6C32EF5348FA}.Ad-Hoc|iPhoneSimulator.ActiveCfg = Release|x86
		{7EDA8427-D685-4748-AD33-6C32EF5348FA}.Ad-Hoc|iPhoneSimulator.Build.0 = Release|x86
		{7EDA8427-D685-4748-AD33-6C32EF5348FA}.Ad-Hoc|iPhoneSimulator.Deploy.0 = Release|x86
		{7EDA8427-D685-4748-AD33-6C32EF5348FA}.Ad-Hoc|x64.ActiveCfg = Release|x64
		{7EDA8427-D685-4748-AD33-6C32EF5348FA}.Ad-Hoc|x64.Build.0 = Release|x64
		{7EDA8427-D685-4748-AD33-6C32EF5348FA}.Ad-Hoc|x64.Deploy.0 = Release|x64
		{7EDA8427-D685-4748-AD33-6C32EF5348FA}.Ad-Hoc|x86.ActiveCfg = Release|x86
		{7EDA8427-D685-4748-AD33-6C32EF5348FA}.Ad-Hoc|x86.Build.0 = Release|x86
		{7EDA8427-D685-4748-AD33-6C32EF5348FA}.Ad-Hoc|x86.Deploy.0 = Release|x86
		{7EDA8427-D685-4748-AD33-6C32EF5348FA}.AppStore|Any CPU.ActiveCfg = Release|x86
		{7EDA8427-D685-4748-AD33-6C32EF5348FA}.AppStore|Any CPU.Build.0 = Release|x86
		{7EDA8427-D685-4748-AD33-6C32EF5348FA}.AppStore|Any CPU.Deploy.0 = Release|x86
		{7EDA8427-D685-4748-AD33-6C32EF5348FA}.AppStore|ARM.ActiveCfg = Release|ARM
		{7EDA8427-D685-4748-AD33-6C32EF5348FA}.AppStore|ARM.Build.0 = Release|ARM
		{7EDA8427-D685-4748-AD33-6C32EF5348FA}.AppStore|ARM.Deploy.0 = Release|ARM
		{7EDA8427-D685-4748-AD33-6C32EF5348FA}.AppStore|iPhone.ActiveCfg = Release|x86
		{7EDA8427-D685-4748-AD33-6C32EF5348FA}.AppStore|iPhone.Build.0 = Release|x86
		{7EDA8427-D685-4748-AD33-6C32EF5348FA}.AppStore|iPhone.Deploy.0 = Release|x86
		{7EDA8427-D685-4748-AD33-6C32EF5348FA}.AppStore|iPhoneSimulator.ActiveCfg = Release|x86
		{7EDA8427-D685-4748-AD33-6C32EF5348FA}.AppStore|iPhoneSimulator.Build.0 = Release|x86
		{7EDA8427-D685-4748-AD33-6C32EF5348FA}.AppStore|iPhoneSimulator.Deploy.0 = Release|x86
		{7EDA8427-D685-4748-AD33-6C32EF5348FA}.AppStore|x64.ActiveCfg = Release|x64
		{7EDA8427-D685-4748-AD33-6C32EF5348FA}.AppStore|x64.Build.0 = Release|x64
		{7EDA8427-D685-4748-AD33-6C32EF5348FA}.AppStore|x64.Deploy.0 = Release|x64
		{7EDA8427-D685-4748-AD33-6C32EF5348FA}.AppStore|x86.ActiveCfg = Release|x86
		{7EDA8427-D685-4748-AD33-6C32EF5348FA}.AppStore|x86.Build.0 = Release|x86
		{7EDA8427-D685-4748-AD33-6C32EF5348FA}.AppStore|x86.Deploy.0 = Release|x86
		{7EDA8427-D685-4748-AD33-6C32EF5348FA}.Debug|Any CPU.ActiveCfg = Debug|x86
		{7EDA8427-D685-4748-AD33-6C32EF5348FA}.Debug|Any CPU.Build.0 = Debug|x86
		{7EDA8427-D685-4748-AD33-6C32EF5348FA}.Debug|Any CPU.Deploy.0 = Debug|x86
		{7EDA8427-D685-4748-AD33-6C32EF5348FA}.Debug|ARM.ActiveCfg = Debug|ARM
		{7EDA8427-D685-4748-AD33-6C32EF5348FA}.Debug|ARM.Build.0 = Debug|ARM
		{7EDA8427-D685-4748-AD33-6C32EF5348FA}.Debug|ARM.Deploy.0 = Debug|ARM
		{7EDA8427-D685-4748-AD33-6C32EF5348FA}.Debug|iPhone.ActiveCfg = Debug|x86
		{7EDA8427-D685-4748-AD33-6C32EF5348FA}.Debug|iPhone.Build.0 = Debug|x86
		{7EDA8427-D685-4748-AD33-6C32EF5348FA}.Debug|iPhone.Deploy.0 = Debug|x86
		{7EDA8427-D685-4748-AD33-6C32EF5348FA}.Debug|iPhoneSimulator.ActiveCfg = Debug|x86
		{7EDA8427-D685-4748-AD33-6C32EF5348FA}.Debug|iPhoneSimulator.Build.0 = Debug|x86
		{7EDA8427-D685-4748-AD33-6C32EF5348FA}.Debug|iPhoneSimulator.Deploy.0 = Debug|x86
		{7EDA8427-D685-4748-AD33-6C32EF5348FA}.Debug|x64.ActiveCfg = Debug|x64
		{7EDA8427-D685-4748-AD33-6C32EF5348FA}.Debug|x64.Build.0 = Debug|x64
		{7EDA8427-D685-4748-AD33-6C32EF5348FA}.Debug|x64.Deploy.0 = Debug|x64
		{7EDA8427-D685-4748-AD33-6C32EF5348FA}.Debug|x86.ActiveCfg = Debug|x86
		{7EDA8427-D685-4748-AD33-6C32EF5348FA}.Debug|x86.Build.0 = Debug|x86
		{7EDA8427-D685-4748-AD33-6C32EF5348FA}.Debug|x86.Deploy.0 = Debug|x86
		{7EDA8427-D685-4748-AD33-6C32EF5348FA}.Release|Any CPU.ActiveCfg = Release|x86
		{7EDA8427-D685-4748-AD33-6C32EF5348FA}.Release|Any CPU.Build.0 = Release|x86
		{7EDA8427-D685-4748-AD33-6C32EF5348FA}.Release|Any CPU.Deploy.0 = Release|x86
		{7EDA8427-D685-4748-AD33-6C32EF5348FA}.Release|ARM.ActiveCfg = Release|ARM
		{7EDA8427-D685-4748-AD33-6C32EF5348FA}.Release|ARM.Build.0 = Release|ARM
		{7EDA8427-D685-4748-AD33-6C32EF5348FA}.Release|ARM.Deploy.0 = Release|ARM
		{7EDA8427-D685-4748-AD33-6C32EF5348FA}.Release|iPhone.ActiveCfg = Release|x86
		{7EDA8427-D685-4748-AD33-6C32EF5348FA}.Release|iPhone.Build.0 = Release|x86
		{7EDA8427-D685-4748-AD33-6C32EF5348FA}.Release|iPhone.Deploy.0 = Release|x86
		{7EDA8427-D685-4748-AD33-6C32EF5348FA}.Release|iPhoneSimulator.ActiveCfg = Release|x86
		{7EDA8427-D685-4748-AD33-6C32EF5348FA}.Release|iPhoneSimulator.Build.0 = Release|x86
		{7EDA8427-D685-4748-AD33-6C32EF5348FA}.Release|iPhoneSimulator.Deploy.0 = Release|x86
		{7EDA8427-D685-4748-AD33-6C32EF5348FA}.Release|x64.ActiveCfg = Release|x64
		{7EDA8427-D685-4748-AD33-6C32EF5348FA}.Release|x64.Build.0 = Release|x64
		{7EDA8427-D685-4748-AD33-6C32EF5348FA}.Release|x64.Deploy.0 = Release|x64
		{7EDA8427-D685-4748-AD33-6C32EF5348FA}.Release|x86.ActiveCfg = Release|x86
		{7EDA8427-D685-4748-AD33-6C32EF5348FA}.Release|x86.Build.0 = Release|x86
		{7EDA8427-D685-4748-AD33-6C32EF5348FA}.Release|x86.Deploy.0 = Release|x86
		{67E1B2CC-6496-4207-BFBA-39C57C3A90EE}.Ad-Hoc|Any CPU.ActiveCfg = Debug|Any CPU
		{67E1B2CC-6496-4207-BFBA-39C57C3A90EE}.Ad-Hoc|Any CPU.Build.0 = Debug|Any CPU
		{67E1B2CC-6496-4207-BFBA-39C57C3A90EE}.Ad-Hoc|Any CPU.Deploy.0 = Debug|Any CPU
		{67E1B2CC-6496-4207-BFBA-39C57C3A90EE}.Ad-Hoc|ARM.ActiveCfg = Debug|Any CPU
		{67E1B2CC-6496-4207-BFBA-39C57C3A90EE}.Ad-Hoc|ARM.Build.0 = Debug|Any CPU
		{67E1B2CC-6496-4207-BFBA-39C57C3A90EE}.Ad-Hoc|ARM.Deploy.0 = Debug|Any CPU
		{67E1B2CC-6496-4207-BFBA-39C57C3A90EE}.Ad-Hoc|iPhone.ActiveCfg = Debug|Any CPU
		{67E1B2CC-6496-4207-BFBA-39C57C3A90EE}.Ad-Hoc|iPhone.Build.0 = Debug|Any CPU
		{67E1B2CC-6496-4207-BFBA-39C57C3A90EE}.Ad-Hoc|iPhone.Deploy.0 = Debug|Any CPU
		{67E1B2CC-6496-4207-BFBA-39C57C3A90EE}.Ad-Hoc|iPhoneSimulator.ActiveCfg = Debug|Any CPU
		{67E1B2CC-6496-4207-BFBA-39C57C3A90EE}.Ad-Hoc|iPhoneSimulator.Build.0 = Debug|Any CPU
		{67E1B2CC-6496-4207-BFBA-39C57C3A90EE}.Ad-Hoc|iPhoneSimulator.Deploy.0 = Debug|Any CPU
		{67E1B2CC-6496-4207-BFBA-39C57C3A90EE}.Ad-Hoc|x64.ActiveCfg = Debug|Any CPU
		{67E1B2CC-6496-4207-BFBA-39C57C3A90EE}.Ad-Hoc|x64.Build.0 = Debug|Any CPU
		{67E1B2CC-6496-4207-BFBA-39C57C3A90EE}.Ad-Hoc|x64.Deploy.0 = Debug|Any CPU
		{67E1B2CC-6496-4207-BFBA-39C57C3A90EE}.Ad-Hoc|x86.ActiveCfg = Debug|Any CPU
		{67E1B2CC-6496-4207-BFBA-39C57C3A90EE}.Ad-Hoc|x86.Build.0 = Debug|Any CPU
		{67E1B2CC-6496-4207-BFBA-39C57C3A90EE}.Ad-Hoc|x86.Deploy.0 = Debug|Any CPU
		{67E1B2CC-6496-4207-BFBA-39C57C3A90EE}.AppStore|Any CPU.ActiveCfg = Debug|Any CPU
		{67E1B2CC-6496-4207-BFBA-39C57C3A90EE}.AppStore|Any CPU.Build.0 = Debug|Any CPU
		{67E1B2CC-6496-4207-BFBA-39C57C3A90EE}.AppStore|Any CPU.Deploy.0 = Debug|Any CPU
		{67E1B2CC-6496-4207-BFBA-39C57C3A90EE}.AppStore|ARM.ActiveCfg = Debug|Any CPU
		{67E1B2CC-6496-4207-BFBA-39C57C3A90EE}.AppStore|ARM.Build.0 = Debug|Any CPU
		{67E1B2CC-6496-4207-BFBA-39C57C3A90EE}.AppStore|ARM.Deploy.0 = Debug|Any CPU
		{67E1B2CC-6496-4207-BFBA-39C57C3A90EE}.AppStore|iPhone.ActiveCfg = Debug|Any CPU
		{67E1B2CC-6496-4207-BFBA-39C57C3A90EE}.AppStore|iPhone.Build.0 = Debug|Any CPU
		{67E1B2CC-6496-4207-BFBA-39C57C3A90EE}.AppStore|iPhone.Deploy.0 = Debug|Any CPU
		{67E1B2CC-6496-4207-BFBA-39C57C3A90EE}.AppStore|iPhoneSimulator.ActiveCfg = Debug|Any CPU
		{67E1B2CC-6496-4207-BFBA-39C57C3A90EE}.AppStore|iPhoneSimulator.Build.0 = Debug|Any CPU
		{67E1B2CC-6496-4207-BFBA-39C57C3A90EE}.AppStore|iPhoneSimulator.Deploy.0 = Debug|Any CPU
		{67E1B2CC-6496-4207-BFBA-39C57C3A90EE}.AppStore|x64.ActiveCfg = Debug|Any CPU
		{67E1B2CC-6496-4207-BFBA-39C57C3A90EE}.AppStore|x64.Build.0 = Debug|Any CPU
		{67E1B2CC-6496-4207-BFBA-39C57C3A90EE}.AppStore|x64.Deploy.0 = Debug|Any CPU
		{67E1B2CC-6496-4207-BFBA-39C57C3A90EE}.AppStore|x86.ActiveCfg = Debug|Any CPU
		{67E1B2CC-6496-4207-BFBA-39C57C3A90EE}.AppStore|x86.Build.0 = Debug|Any CPU
		{67E1B2CC-6496-4207-BFBA-39C57C3A90EE}.AppStore|x86.Deploy.0 = Debug|Any CPU
		{67E1B2CC-6496-4207-BFBA-39C57C3A90EE}.Debug|Any CPU.ActiveCfg = Debug|Any CPU
		{67E1B2CC-6496-4207-BFBA-39C57C3A90EE}.Debug|Any CPU.Build.0 = Debug|Any CPU
		{67E1B2CC-6496-4207-BFBA-39C57C3A90EE}.Debug|Any CPU.Deploy.0 = Debug|Any CPU
		{67E1B2CC-6496-4207-BFBA-39C57C3A90EE}.Debug|ARM.ActiveCfg = Debug|Any CPU
		{67E1B2CC-6496-4207-BFBA-39C57C3A90EE}.Debug|ARM.Build.0 = Debug|Any CPU
		{67E1B2CC-6496-4207-BFBA-39C57C3A90EE}.Debug|ARM.Deploy.0 = Debug|Any CPU
		{67E1B2CC-6496-4207-BFBA-39C57C3A90EE}.Debug|iPhone.ActiveCfg = Debug|Any CPU
		{67E1B2CC-6496-4207-BFBA-39C57C3A90EE}.Debug|iPhone.Build.0 = Debug|Any CPU
		{67E1B2CC-6496-4207-BFBA-39C57C3A90EE}.Debug|iPhone.Deploy.0 = Debug|Any CPU
		{67E1B2CC-6496-4207-BFBA-39C57C3A90EE}.Debug|iPhoneSimulator.ActiveCfg = Debug|Any CPU
		{67E1B2CC-6496-4207-BFBA-39C57C3A90EE}.Debug|iPhoneSimulator.Build.0 = Debug|Any CPU
		{67E1B2CC-6496-4207-BFBA-39C57C3A90EE}.Debug|iPhoneSimulator.Deploy.0 = Debug|Any CPU
		{67E1B2CC-6496-4207-BFBA-39C57C3A90EE}.Debug|x64.ActiveCfg = Debug|Any CPU
		{67E1B2CC-6496-4207-BFBA-39C57C3A90EE}.Debug|x64.Build.0 = Debug|Any CPU
		{67E1B2CC-6496-4207-BFBA-39C57C3A90EE}.Debug|x64.Deploy.0 = Debug|Any CPU
		{67E1B2CC-6496-4207-BFBA-39C57C3A90EE}.Debug|x86.ActiveCfg = Debug|Any CPU
		{67E1B2CC-6496-4207-BFBA-39C57C3A90EE}.Debug|x86.Build.0 = Debug|Any CPU
		{67E1B2CC-6496-4207-BFBA-39C57C3A90EE}.Debug|x86.Deploy.0 = Debug|Any CPU
		{67E1B2CC-6496-4207-BFBA-39C57C3A90EE}.Release|Any CPU.ActiveCfg = Release|Any CPU
		{67E1B2CC-6496-4207-BFBA-39C57C3A90EE}.Release|Any CPU.Build.0 = Release|Any CPU
		{67E1B2CC-6496-4207-BFBA-39C57C3A90EE}.Release|Any CPU.Deploy.0 = Release|Any CPU
		{67E1B2CC-6496-4207-BFBA-39C57C3A90EE}.Release|ARM.ActiveCfg = Release|Any CPU
		{67E1B2CC-6496-4207-BFBA-39C57C3A90EE}.Release|ARM.Build.0 = Release|Any CPU
		{67E1B2CC-6496-4207-BFBA-39C57C3A90EE}.Release|ARM.Deploy.0 = Release|Any CPU
		{67E1B2CC-6496-4207-BFBA-39C57C3A90EE}.Release|iPhone.ActiveCfg = Release|Any CPU
		{67E1B2CC-6496-4207-BFBA-39C57C3A90EE}.Release|iPhone.Build.0 = Release|Any CPU
		{67E1B2CC-6496-4207-BFBA-39C57C3A90EE}.Release|iPhone.Deploy.0 = Release|Any CPU
		{67E1B2CC-6496-4207-BFBA-39C57C3A90EE}.Release|iPhoneSimulator.ActiveCfg = Release|Any CPU
		{67E1B2CC-6496-4207-BFBA-39C57C3A90EE}.Release|iPhoneSimulator.Build.0 = Release|Any CPU
		{67E1B2CC-6496-4207-BFBA-39C57C3A90EE}.Release|iPhoneSimulator.Deploy.0 = Release|Any CPU
		{67E1B2CC-6496-4207-BFBA-39C57C3A90EE}.Release|x64.ActiveCfg = Release|Any CPU
		{67E1B2CC-6496-4207-BFBA-39C57C3A90EE}.Release|x64.Build.0 = Release|Any CPU
		{67E1B2CC-6496-4207-BFBA-39C57C3A90EE}.Release|x64.Deploy.0 = Release|Any CPU
		{67E1B2CC-6496-4207-BFBA-39C57C3A90EE}.Release|x86.ActiveCfg = Release|Any CPU
		{67E1B2CC-6496-4207-BFBA-39C57C3A90EE}.Release|x86.Build.0 = Release|Any CPU
		{67E1B2CC-6496-4207-BFBA-39C57C3A90EE}.Release|x86.Deploy.0 = Release|Any CPU
	EndGlobalSection
	GlobalSection(SolutionProperties) = preSolution
		HideSolutionNode = FALSE
	EndGlobalSection
	GlobalSection(ExtensibilityGlobals) = postSolution
		SolutionGuid = {238D25A6-613E-446F-AE12-3E6E276820E0}
	EndGlobalSection
EndGlobal
